
Microsoft Visual Studio Solution File, Format Version 12.00
# Visual Studio Version 17
VisualStudioVersion = 17.9.34728.123
MinimumVisualStudioVersion = 10.0.40219.1
Project("{9A19103F-16F7-4668-BE54-9A1E7A4F7556}") = "RoadPathFinder.Models", "RoadPathFinder.Models\RoadPathFinder.Models.csproj", "{48AB4AFE-068A-402D-8415-761BF9B3A1AB}"
EndProject
Project("{9A19103F-16F7-4668-BE54-9A1E7A4F7556}") = "RoadPathFinder.IO", "RoadPathFinder.IO\RoadPathFinder.IO.csproj", "{0DD9F9E0-0F6A-4284-874B-943B2B248F01}"
EndProject
Project("{9A19103F-16F7-4668-BE54-9A1E7A4F7556}") = "RoadPathFinder.AStar", "RoadPathFinder.AStar\RoadPathFinder.AStar.csproj", "{F5B0FD59-93DB-4FCB-B7CF-99B1D14C511C}"
EndProject
Global
	GlobalSection(SolutionConfigurationPlatforms) = preSolution
		Debug|Any CPU = Debug|Any CPU
		Release|Any CPU = Release|Any CPU
	EndGlobalSection
	GlobalSection(ProjectConfigurationPlatforms) = postSolution
		{48AB4AFE-068A-402D-8415-761BF9B3A1AB}.Debug|Any CPU.ActiveCfg = Debug|Any CPU
		{48AB4AFE-068A-402D-8415-761BF9B3A1AB}.Debug|Any CPU.Build.0 = Debug|Any CPU
		{48AB4AFE-068A-402D-8415-761BF9B3A1AB}.Release|Any CPU.ActiveCfg = Release|Any CPU
		{48AB4AFE-068A-402D-8415-761BF9B3A1AB}.Release|Any CPU.Build.0 = Release|Any CPU
		{0DD9F9E0-0F6A-4284-874B-943B2B248F01}.Debug|Any CPU.ActiveCfg = Debug|Any CPU
		{0DD9F9E0-0F6A-4284-874B-943B2B248F01}.Debug|Any CPU.Build.0 = Debug|Any CPU
		{0DD9F9E0-0F6A-4284-874B-943B2B248F01}.Release|Any CPU.ActiveCfg = Release|Any CPU
		{0DD9F9E0-0F6A-4284-874B-943B2B248F01}.Release|Any CPU.Build.0 = Release|Any CPU
		{F5B0FD59-93DB-4FCB-B7CF-99B1D14C511C}.Debug|Any CPU.ActiveCfg = Debug|Any CPU
		{F5B0FD59-93DB-4FCB-B7CF-99B1D14C511C}.Debug|Any CPU.Build.0 = Debug|Any CPU
		{F5B0FD59-93DB-4FCB-B7CF-99B1D14C511C}.Release|Any CPU.ActiveCfg = Release|Any CPU
		{F5B0FD59-93DB-4FCB-B7CF-99B1D14C511C}.Release|Any CPU.Build.0 = Release|Any CPU
	EndGlobalSection
	GlobalSection(SolutionProperties) = preSolution
		HideSolutionNode = FALSE
	EndGlobalSection
	GlobalSection(ExtensibilityGlobals) = postSolution
		SolutionGuid = {BBD140BE-CFF3-450A-A9EC-90AEF4EE147D}
	EndGlobalSection
EndGlobal
